// !$*UTF8*$!
{
	archiveVersion = 1;
	classes = {
	};
	objectVersion = 46;
	objects = {

/* Begin PBXBuildFile section */
		07B5131D1A1768ED0020C74F /* main.m in Sources */ = {isa = PBXBuildFile; fileRef = 07B5131C1A1768ED0020C74F /* main.m */; };
		07B513201A1768ED0020C74F /* AppDelegate.m in Sources */ = {isa = PBXBuildFile; fileRef = 07B5131F1A1768ED0020C74F /* AppDelegate.m */; };
		07B513231A1768ED0020C74F /* ViewController.m in Sources */ = {isa = PBXBuildFile; fileRef = 07B513221A1768ED0020C74F /* ViewController.m */; };
		07B513281A1768ED0020C74F /* Images.xcassets in Resources */ = {isa = PBXBuildFile; fileRef = 07B513271A1768ED0020C74F /* Images.xcassets */; };
		07B5132B1A1768ED0020C74F /* LaunchScreen.xib in Resources */ = {isa = PBXBuildFile; fileRef = 07B513291A1768ED0020C74F /* LaunchScreen.xib */; };
		07B513371A1768ED0020C74F /* WKNewtonTests.m in Sources */ = {isa = PBXBuildFile; fileRef = 07B513361A1768ED0020C74F /* WKNewtonTests.m */; };
		07B513411A1769F00020C74F /* index.html in Resources */ = {isa = PBXBuildFile; fileRef = 07B513401A1769F00020C74F /* index.html */; };
		07B513431A176B190020C74F /* Main.storyboard in Resources */ = {isa = PBXBuildFile; fileRef = 07B513421A176B190020C74F /* Main.storyboard */; };
		07B513451A176B7F0020C74F /* app.js in Resources */ = {isa = PBXBuildFile; fileRef = 07B513441A176B7F0020C74F /* app.js */; };
		07B513471A176D640020C74F /* newton.js in Resources */ = {isa = PBXBuildFile; fileRef = 07B513461A176D640020C74F /* newton.js */; };
/* End PBXBuildFile section */

/* Begin PBXContainerItemProxy section */
		07B513311A1768ED0020C74F /* PBXContainerItemProxy */ = {
			isa = PBXContainerItemProxy;
			containerPortal = 07B5130F1A1768ED0020C74F /* Project object */;
			proxyType = 1;
			remoteGlobalIDString = 07B513161A1768ED0020C74F;
			remoteInfo = WKNewton;
		};
/* End PBXContainerItemProxy section */

/* Begin PBXFileReference section */
		07B513171A1768ED0020C74F /* WKNewton.app */ = {isa = PBXFileReference; explicitFileType = wrapper.application; includeInIndex = 0; path = WKNewton.app; sourceTree = BUILT_PRODUCTS_DIR; };
		07B5131B1A1768ED0020C74F /* Info.plist */ = {isa = PBXFileReference; lastKnownFileType = text.plist.xml; path = Info.plist; sourceTree = "<group>"; };
		07B5131C1A1768ED0020C74F /* main.m */ = {isa = PBXFileReference; lastKnownFileType = sourcecode.c.objc; path = main.m; sourceTree = "<group>"; };
		07B5131E1A1768ED0020C74F /* AppDelegate.h */ = {isa = PBXFileReference; lastKnownFileType = sourcecode.c.h; path = AppDelegate.h; sourceTree = "<group>"; };
		07B5131F1A1768ED0020C74F /* AppDelegate.m */ = {isa = PBXFileReference; lastKnownFileType = sourcecode.c.objc; path = AppDelegate.m; sourceTree = "<group>"; };
		07B513211A1768ED0020C74F /* ViewController.h */ = {isa = PBXFileReference; lastKnownFileType = sourcecode.c.h; path = ViewController.h; sourceTree = "<group>"; };
		07B513221A1768ED0020C74F /* ViewController.m */ = {isa = PBXFileReference; lastKnownFileType = sourcecode.c.objc; path = ViewController.m; sourceTree = "<group>"; };
		07B513271A1768ED0020C74F /* Images.xcassets */ = {isa = PBXFileReference; lastKnownFileType = folder.assetcatalog; path = Images.xcassets; sourceTree = "<group>"; };
		07B5132A1A1768ED0020C74F /* Base */ = {isa = PBXFileReference; lastKnownFileType = file.xib; name = Base; path = Base.lproj/LaunchScreen.xib; sourceTree = "<group>"; };
		07B513301A1768ED0020C74F /* WKNewtonTests.xctest */ = {isa = PBXFileReference; explicitFileType = wrapper.cfbundle; includeInIndex = 0; path = WKNewtonTests.xctest; sourceTree = BUILT_PRODUCTS_DIR; };
		07B513351A1768ED0020C74F /* Info.plist */ = {isa = PBXFileReference; lastKnownFileType = text.plist.xml; path = Info.plist; sourceTree = "<group>"; };
		07B513361A1768ED0020C74F /* WKNewtonTests.m */ = {isa = PBXFileReference; lastKnownFileType = sourcecode.c.objc; path = WKNewtonTests.m; sourceTree = "<group>"; };
		07B513401A1769F00020C74F /* index.html */ = {isa = PBXFileReference; fileEncoding = 4; lastKnownFileType = text.html; path = index.html; sourceTree = "<group>"; };
		07B513421A176B190020C74F /* Main.storyboard */ = {isa = PBXFileReference; fileEncoding = 4; lastKnownFileType = file.storyboard; path = Main.storyboard; sourceTree = "<group>"; };
		07B513441A176B7F0020C74F /* app.js */ = {isa = PBXFileReference; fileEncoding = 4; lastKnownFileType = sourcecode.javascript; path = app.js; sourceTree = "<group>"; };
		07B513461A176D640020C74F /* newton.js */ = {isa = PBXFileReference; fileEncoding = 4; lastKnownFileType = sourcecode.javascript; path = newton.js; sourceTree = "<group>"; };
/* End PBXFileReference section */

/* Begin PBXFrameworksBuildPhase section */
		07B513141A1768ED0020C74F /* Frameworks */ = {
			isa = PBXFrameworksBuildPhase;
			buildActionMask = 2147483647;
			files = (
			);
			runOnlyForDeploymentPostprocessing = 0;
		};
		07B5132D1A1768ED0020C74F /* Frameworks */ = {
			isa = PBXFrameworksBuildPhase;
			buildActionMask = 2147483647;
			files = (
			);
			runOnlyForDeploymentPostprocessing = 0;
		};
/* End PBXFrameworksBuildPhase section */

/* Begin PBXGroup section */
		07B5130E1A1768ED0020C74F = {
			isa = PBXGroup;
			children = (
				07B513191A1768ED0020C74F /* WKNewton */,
				07B513331A1768ED0020C74F /* WKNewtonTests */,
				07B513181A1768ED0020C74F /* Products */,
			);
			sourceTree = "<group>";
		};
		07B513181A1768ED0020C74F /* Products */ = {
			isa = PBXGroup;
			children = (
				07B513171A1768ED0020C74F /* WKNewton.app */,
				07B513301A1768ED0020C74F /* WKNewtonTests.xctest */,
			);
			name = Products;
			sourceTree = "<group>";
		};
		07B513191A1768ED0020C74F /* WKNewton */ = {
			isa = PBXGroup;
			children = (
				07B5131E1A1768ED0020C74F /* AppDelegate.h */,
				07B5131F1A1768ED0020C74F /* AppDelegate.m */,
				07B513211A1768ED0020C74F /* ViewController.h */,
				07B513221A1768ED0020C74F /* ViewController.m */,
				07B513271A1768ED0020C74F /* Images.xcassets */,
				07B513291A1768ED0020C74F /* LaunchScreen.xib */,
				07B5131A1A1768ED0020C74F /* Supporting Files */,
				07B513401A1769F00020C74F /* index.html */,
				07B513421A176B190020C74F /* Main.storyboard */,
				07B513441A176B7F0020C74F /* app.js */,
				07B513461A176D640020C74F /* newton.js */,
			);
			path = WKNewton;
			sourceTree = "<group>";
		};
		07B5131A1A1768ED0020C74F /* Supporting Files */ = {
			isa = PBXGroup;
			children = (
				07B5131B1A1768ED0020C74F /* Info.plist */,
				07B5131C1A1768ED0020C74F /* main.m */,
			);
			name = "Supporting Files";
			sourceTree = "<group>";
		};
		07B513331A1768ED0020C74F /* WKNewtonTests */ = {
			isa = PBXGroup;
			children = (
				07B513361A1768ED0020C74F /* WKNewtonTests.m */,
				07B513341A1768ED0020C74F /* Supporting Files */,
			);
			path = WKNewtonTests;
			sourceTree = "<group>";
		};
		07B513341A1768ED0020C74F /* Supporting Files */ = {
			isa = PBXGroup;
			children = (
				07B513351A1768ED0020C74F /* Info.plist */,
			);
			name = "Supporting Files";
			sourceTree = "<group>";
		};
/* End PBXGroup section */

/* Begin PBXNativeTarget section */
		07B513161A1768ED0020C74F /* WKNewton */ = {
			isa = PBXNativeTarget;
			buildConfigurationList = 07B5133A1A1768ED0020C74F /* Build configuration list for PBXNativeTarget "WKNewton" */;
			buildPhases = (
				07B513131A1768ED0020C74F /* Sources */,
				07B513141A1768ED0020C74F /* Frameworks */,
				07B513151A1768ED0020C74F /* Resources */,
			);
			buildRules = (
			);
			dependencies = (
			);
			name = WKNewton;
			productName = WKNewton;
			productReference = 07B513171A1768ED0020C74F /* WKNewton.app */;
			productType = "com.apple.product-type.application";
		};
		07B5132F1A1768ED0020C74F /* WKNewtonTests */ = {
			isa = PBXNativeTarget;
			buildConfigurationList = 07B5133D1A1768ED0020C74F /* Build configuration list for PBXNativeTarget "WKNewtonTests" */;
			buildPhases = (
				07B5132C1A1768ED0020C74F /* Sources */,
				07B5132D1A1768ED0020C74F /* Frameworks */,
				07B5132E1A1768ED0020C74F /* Resources */,
			);
			buildRules = (
			);
			dependencies = (
				07B513321A1768ED0020C74F /* PBXTargetDependency */,
			);
			name = WKNewtonTests;
			productName = WKNewtonTests;
			productReference = 07B513301A1768ED0020C74F /* WKNewtonTests.xctest */;
			productType = "com.apple.product-type.bundle.unit-test";
		};
/* End PBXNativeTarget section */

/* Begin PBXProject section */
		07B5130F1A1768ED0020C74F /* Project object */ = {
			isa = PBXProject;
			attributes = {
				LastUpgradeCheck = 0610;
				ORGANIZATIONNAME = SwiftCrunch8;
				TargetAttributes = {
					07B513161A1768ED0020C74F = {
						CreatedOnToolsVersion = 6.1;
					};
					07B5132F1A1768ED0020C74F = {
						CreatedOnToolsVersion = 6.1;
						TestTargetID = 07B513161A1768ED0020C74F;
					};
				};
			};
			buildConfigurationList = 07B513121A1768ED0020C74F /* Build configuration list for PBXProject "WKNewton" */;
			compatibilityVersion = "Xcode 3.2";
			developmentRegion = English;
			hasScannedForEncodings = 0;
			knownRegions = (
				en,
				Base,
			);
			mainGroup = 07B5130E1A1768ED0020C74F;
			productRefGroup = 07B513181A1768ED0020C74F /* Products */;
			projectDirPath = "";
			projectRoot = "";
			targets = (
				07B513161A1768ED0020C74F /* WKNewton */,
				07B5132F1A1768ED0020C74F /* WKNewtonTests */,
			);
		};
/* End PBXProject section */

/* Begin PBXResourcesBuildPhase section */
		07B513151A1768ED0020C74F /* Resources */ = {
			isa = PBXResourcesBuildPhase;
			buildActionMask = 2147483647;
			files = (
				07B513451A176B7F0020C74F /* app.js in Resources */,
				07B513411A1769F00020C74F /* index.html in Resources */,
				07B5132B1A1768ED0020C74F /* LaunchScreen.xib in Resources */,
				07B513471A176D640020C74F /* newton.js in Resources */,
				07B513281A1768ED0020C74F /* Images.xcassets in Resources */,
				07B513431A176B190020C74F /* Main.storyboard in Resources */,
			);
			runOnlyForDeploymentPostprocessing = 0;
		};
		07B5132E1A1768ED0020C74F /* Resources */ = {
			isa = PBXResourcesBuildPhase;
			buildActionMask = 2147483647;
			files = (
			);
			runOnlyForDeploymentPostprocessing = 0;
		};
/* End PBXResourcesBuildPhase section */

/* Begin PBXSourcesBuildPhase section */
		07B513131A1768ED0020C74F /* Sources */ = {
			isa = PBXSourcesBuildPhase;
			buildActionMask = 2147483647;
			files = (
				07B513231A1768ED0020C74F /* ViewController.m in Sources */,
				07B513201A1768ED0020C74F /* AppDelegate.m in Sources */,
				07B5131D1A1768ED0020C74F /* main.m in Sources */,
			);
			runOnlyForDeploymentPostprocessing = 0;
		};
		07B5132C1A1768ED0020C74F /* Sources */ = {
			isa = PBXSourcesBuildPhase;
			buildActionMask = 2147483647;
			files = (
				07B513371A1768ED0020C74F /* WKNewtonTests.m in Sources */,
			);
			runOnlyForDeploymentPostprocessing = 0;
		};
/* End PBXSourcesBuildPhase section */

/* Begin PBXTargetDependency section */
		07B513321A1768ED0020C74F /* PBXTargetDependency */ = {
			isa = PBXTargetDependency;
			target = 07B513161A1768ED0020C74F /* WKNewton */;
			targetProxy = 07B513311A1768ED0020C74F /* PBXContainerItemProxy */;
		};
/* End PBXTargetDependency section */

/* Begin PBXVariantGroup section */
		07B513291A1768ED0020C74F /* LaunchScreen.xib */ = {
			isa = PBXVariantGroup;
			children = (
				07B5132A1A1768ED0020C74F /* Base */,
			);
			name = LaunchScreen.xib;
			sourceTree = "<group>";
		};
/* End PBXVariantGroup section */

/* Begin XCBuildConfiguration section */
		07B513381A1768ED0020C74F /* Debug */ = {
			isa = XCBuildConfiguration;
			buildSettings = {
				ALWAYS_SEARCH_USER_PATHS = NO;
				CLANG_CXX_LANGUAGE_STANDARD = "gnu++0x";
				CLANG_CXX_LIBRARY = "libc++";
				CLANG_ENABLE_MODULES = YES;
				CLANG_ENABLE_OBJC_ARC = YES;
				CLANG_WARN_BOOL_CONVERSION = YES;
				CLANG_WARN_CONSTANT_CONVERSION = YES;
				CLANG_WARN_DIRECT_OBJC_ISA_USAGE = YES_ERROR;
				CLANG_WARN_EMPTY_BODY = YES;
				CLANG_WARN_ENUM_CONVERSION = YES;
				CLANG_WARN_INT_CONVERSION = YES;
				CLANG_WARN_OBJC_ROOT_CLASS = YES_ERROR;
				CLANG_WARN_UNREACHABLE_CODE = YES;
				CLANG_WARN__DUPLICATE_METHOD_MATCH = YES;
				"CODE_SIGN_IDENTITY[sdk=iphoneos*]" = "iPhone Developer";
				COPY_PHASE_STRIP = NO;
				ENABLE_STRICT_OBJC_MSGSEND = YES;
				GCC_C_LANGUAGE_STANDARD = gnu99;
				GCC_DYNAMIC_NO_PIC = NO;
				GCC_OPTIMIZATION_LEVEL = 0;
				GCC_PREPROCESSOR_DEFINITIONS = (
					"DEBUG=1",
					"$(inherited)",
				);
				GCC_SYMBOLS_PRIVATE_EXTERN = NO;
				GCC_WARN_64_TO_32_BIT_CONVERSION = YES;
				GCC_WARN_ABOUT_RETURN_TYPE = YES_ERROR;
				GCC_WARN_UNDECLARED_SELECTOR = YES;
				GCC_WARN_UNINITIALIZED_AUTOS = YES_AGGRESSIVE;
				GCC_WARN_UNUSED_FUNCTION = YES;
				GCC_WARN_UNUSED_VARIABLE = YES;
				IPHONEOS_DEPLOYMENT_TARGET = 8.1;
				MTL_ENABLE_DEBUG_INFO = YES;
				ONLY_ACTIVE_ARCH = YES;
				SDKROOT = iphoneos;
			};
			name = Debug;
		};
		07B513391A1768ED0020C74F /* Release */ = {
			isa = XCBuildConfiguration;
			buildSettings = {
				ALWAYS_SEARCH_USER_PATHS = NO;
				CLANG_CXX_LANGUAGE_STANDARD = "gnu++0x";
				CLANG_CXX_LIBRARY = "libc++";
				CLANG_ENABLE_MODULES = YES;
				CLANG_ENABLE_OBJC_ARC = YES;
				CLANG_WARN_BOOL_CONVERSION = YES;
				CLANG_WARN_CONSTANT_CONVERSION = YES;
				CLANG_WARN_DIRECT_OBJC_ISA_USAGE = YES_ERROR;
				CLANG_WARN_EMPTY_BODY = YES;
				CLANG_WARN_ENUM_CONVERSION = YES;
				CLANG_WARN_INT_CONVERSION = YES;
				CLANG_WARN_OBJC_ROOT_CLASS = YES_ERROR;
				CLANG_WARN_UNREACHABLE_CODE = YES;
				CLANG_WARN__DUPLICATE_METHOD_MATCH = YES;
				"CODE_SIGN_IDENTITY[sdk=iphoneos*]" = "iPhone Developer";
				COPY_PHASE_STRIP = YES;
				ENABLE_NS_ASSERTIONS = NO;
				ENABLE_STRICT_OBJC_MSGSEND = YES;
				GCC_C_LANGUAGE_STANDARD = gnu99;
				GCC_WARN_64_TO_32_BIT_CONVERSION = YES;
				GCC_WARN_ABOUT_RETURN_TYPE = YES_ERROR;
				GCC_WARN_UNDECLARED_SELECTOR = YES;
				GCC_WARN_UNINITIALIZED_AUTOS = YES_AGGRESSIVE;
				GCC_WARN_UNUSED_FUNCTION = YES;
				GCC_WARN_UNUSED_VARIABLE = YES;
				IPHONEOS_DEPLOYMENT_TARGET = 8.1;
				MTL_ENABLE_DEBUG_INFO = NO;
				SDKROOT = iphoneos;
				VALIDATE_PRODUCT = YES;
			};
			name = Release;
		};
		07B5133B1A1768ED0020C74F /* Debug */ = {
			isa = XCBuildConfiguration;
			buildSettings = {
				ASSETCATALOG_COMPILER_APPICON_NAME = AppIcon;
				INFOPLIST_FILE = WKNewton/Info.plist;
				LD_RUNPATH_SEARCH_PATHS = "$(inherited) @executable_path/Frameworks";
				PRODUCT_NAME = "$(TARGET_NAME)";
			};
			name = Debug;
		};
		07B5133C1A1768ED0020C74F /* Release */ = {
			isa = XCBuildConfiguration;
			buildSettings = {
				ASSETCATALOG_COMPILER_APPICON_NAME = AppIcon;
				INFOPLIST_FILE = WKNewton/Info.plist;
				LD_RUNPATH_SEARCH_PATHS = "$(inherited) @executable_path/Frameworks";
				PRODUCT_NAME = "$(TARGET_NAME)";
			};
			name = Release;
		};
		07B5133E1A1768ED0020C74F /* Debug */ = {
			isa = XCBuildConfiguration;
			buildSettings = {
				BUNDLE_LOADER = "$(TEST_HOST)";
				FRAMEWORK_SEARCH_PATHS = (
					"$(SDKROOT)/Developer/Library/Frameworks",
					"$(inherited)",
				);
				GCC_PREPROCESSOR_DEFINITIONS = (
					"DEBUG=1",
					"$(inherited)",
				);
				INFOPLIST_FILE = WKNewtonTests/Info.plist;
				LD_RUNPATH_SEARCH_PATHS = "$(inherited) @executable_path/Frameworks @loader_path/Frameworks";
				PRODUCT_NAME = "$(TARGET_NAME)";
				TEST_HOST = "$(BUILT_PRODUCTS_DIR)/WKNewton.app/WKNewton";
			};
			name = Debug;
		};
		07B5133F1A1768ED0020C74F /* Release */ = {
			isa = XCBuildConfiguration;
			buildSettings = {
				BUNDLE_LOADER = "$(TEST_HOST)";
				FRAMEWORK_SEARCH_PATHS = (
					"$(SDKROOT)/Developer/Library/Frameworks",
					"$(inherited)",
				);
				INFOPLIST_FILE = WKNewtonTests/Info.plist;
				LD_RUNPATH_SEARCH_PATHS = "$(inherited) @executable_path/Frameworks @loader_path/Frameworks";
				PRODUCT_NAME = "$(TARGET_NAME)";
				TEST_HOST = "$(BUILT_PRODUCTS_DIR)/WKNewton.app/WKNewton";
			};
			name = Release;
		};
/* End XCBuildConfiguration section */

/* Begin XCConfigurationList section */
		07B513121A1768ED0020C74F /* Build configuration list for PBXProject "WKNewton" */ = {
			isa = XCConfigurationList;
			buildConfigurations = (
				07B513381A1768ED0020C74F /* Debug */,
				07B513391A1768ED0020C74F /* Release */,
			);
			defaultConfigurationIsVisible = 0;
			defaultConfigurationName = Release;
		};
		07B5133A1A1768ED0020C74F /* Build configuration list for PBXNativeTarget "WKNewton" */ = {
			isa = XCConfigurationList;
			buildConfigurations = (
				07B5133B1A1768ED0020C74F /* Debug */,
				07B5133C1A1768ED0020C74F /* Release */,
			);
			defaultConfigurationIsVisible = 0;
		};
		07B5133D1A1768ED0020C74F /* Build configuration list for PBXNativeTarget "WKNewtonTests" */ = {
			isa = XCConfigurationList;
			buildConfigurations = (
				07B5133E1A1768ED0020C74F /* Debug */,
				07B5133F1A1768ED0020C74F /* Release */,
			);
			defaultConfigurationIsVisible = 0;
		};
/* End XCConfigurationList section */
	};
	rootObject = 07B5130F1A1768ED0020C74F /* Project object */;
}
